dependencies:
- name: mariadb
  repository: https://charts.bitnami.com/bitnami/
  version: 7.4.2
- name: mongodb
  repository: https://charts.bitnami.com/bitnami/
  version: 7.4.2
- name: kafkaConnect
  repository: file://kafkaConnect
  version: 1.0.0
digest: sha256:af4f7c10e3f6c36508aef7f80c2699b3a224bc7b481aba9e2cb5b6605a685c0f
generated: "2020-06-29T17:25:13.085851-04:00"
